{
  "name": "bourbon_hunter",
  "version": "1.0.0",
  "lockfileVersion": 2,
  "requires": true,
  "packages": {
    "": {
      "name": "bourbon_hunter",
      "version": "1.0.0",
      "license": "ISC",
      "dependencies": {
        "serverless-ruby-package": "^1.4.0"
      }
    },
    "node_modules/serverless-ruby-package": {
      "version": "1.4.0",
      "resolved": "https://venuenext.jfrog.io/venuenext/api/npm/venuenext-npm/serverless-ruby-package/-/serverless-ruby-package-1.4.0.tgz",
      "integrity": "sha512-OFVvYMihRIjKv7pdrBGo2O4pLPw0yTe7pBTyNwah2tQgVUDvQ5qNrdt6K/VvH99mz9k2MzD3HMkMCHM33kNDwQ=="
    }
  },
  "dependencies": {
    "serverless-ruby-package": {
      "version": "1.4.0",
      "resolved": "https://venuenext.jfrog.io/venuenext/api/npm/venuenext-npm/serverless-ruby-package/-/serverless-ruby-package-1.4.0.tgz",
      "integrity": "sha512-OFVvYMihRIjKv7pdrBGo2O4pLPw0yTe7pBTyNwah2tQgVUDvQ5qNrdt6K/VvH99mz9k2MzD3HMkMCHM33kNDwQ=="
    }
  }
}
